
Microsoft Visual Studio Solution File, Format Version 12.00
# Visual Studio Version 17
VisualStudioVersion = 17.13.35806.99 d17.13
MinimumVisualStudioVersion = 10.0.40219.1
Project("{FAE04EC0-301F-11D3-BF4B-00C04F79EFBC}") = "AzureADUserManager", "AzureADUserManager\AzureADUserManager.csproj", "{65508DE9-5C5D-4C81-A1C2-EE13651F48DD}"
EndProject
Global
	GlobalSection(SolutionConfigurationPlatforms) = preSolution
		Debug|Any CPU = Debug|Any CPU
		Release|Any CPU = Release|Any CPU
	EndGlobalSection
	GlobalSection(ProjectConfigurationPlatforms) = postSolution
		{65508DE9-5C5D-4C81-A1C2-EE13651F48DD}.Debug|Any CPU.ActiveCfg = Debug|Any CPU
		{65508DE9-5C5D-4C81-A1C2-EE13651F48DD}.Debug|Any CPU.Build.0 = Debug|Any CPU
		{65508DE9-5C5D-4C81-A1C2-EE13651F48DD}.Release|Any CPU.ActiveCfg = Release|Any CPU
		{65508DE9-5C5D-4C81-A1C2-EE13651F48DD}.Release|Any CPU.Build.0 = Release|Any CPU
	EndGlobalSection
	GlobalSection(SolutionProperties) = preSolution
		HideSolutionNode = FALSE
	EndGlobalSection
	GlobalSection(ExtensibilityGlobals) = postSolution
		SolutionGuid = {F427DE28-29AF-4EDF-B691-31AE5E508DE7}
	EndGlobalSection
EndGlobal
